<?xml version="1.0" encoding="utf-8"?>
<Project ToolsVersion="4.0" xmlns="http://schemas.microsoft.com/developer/msbuild/2003">
  <ItemGroup>
    <Filter Include="Quelldateien">
      <UniqueIdentifier>{4FC737F1-C7A5-4376-A066-2A32D752A2FF}</UniqueIdentifier>
      <Extensions>cpp;c;cc;cxx;c++;cppm;ixx;def;odl;idl;hpj;bat;asm;asmx</Extensions>
    </Filter>
    <Filter Include="Headerdateien">
      <UniqueIdentifier>{93995380-89BD-4b04-88EB-625FBE52EBFB}</UniqueIdentifier>
      <Extensions>h;hh;hpp;hxx;h++;hm;inl;inc;ipp;xsd</Extensions>
    </Filter>
    <Filter Include="Ressourcendateien">
      <UniqueIdentifier>{67DA6AB6-F800-4c08-8B7A-83BB121AAD01}</UniqueIdentifier>
      <Extensions>rc;ico;cur;bmp;dlg;rc2;rct;bin;rgs;gif;jpg;jpeg;jpe;resx;tiff;tif;png;wav;mfcribbon-ms</Extensions>
    </Filter>
  </ItemGroup>
  <ItemGroup>
    <ClCompile Include="VulkanPractice.cpp">
      <Filter>Quelldateien</Filter>
    </ClCompile>
    <ClCompile Include="VulkanUtils.cpp">
      <Filter>Quelldateien</Filter>
    </ClCompile>
    <ClCompile Include="Camera.cpp">
      <Filter>Quelldateien</Filter>
    </ClCompile>
    <ClCompile Include="Image\Image.cpp">
      <Filter>Quelldateien</Filter>
    </ClCompile>
    <ClCompile Include="Vertex.cpp">
      <Filter>Quelldateien</Filter>
    </ClCompile>
    <ClCompile Include="Image\DepthImage.cpp">
      <Filter>Quelldateien</Filter>
    </ClCompile>
    <ClCompile Include="Mesh.cpp">
      <Filter>Quelldateien</Filter>
    </ClCompile>
    <ClCompile Include="Pipeline.cpp">
      <Filter>Quelldateien</Filter>
    </ClCompile>
    <ClCompile Include="MeshHelper.cpp">
      <Filter>Quelldateien</Filter>
    </ClCompile>
  </ItemGroup>
  <ItemGroup>
    <None Include="Shaders\frag.spv" />
    <None Include="Shaders\vert.spv" />
    <None Include="VulkanUtils.tpp" />
  </ItemGroup>
  <ItemGroup>
    <ClInclude Include="VulkanUtils.h">
      <Filter>Headerdateien</Filter>
    </ClInclude>
    <ClInclude Include="Camera.h">
      <Filter>Headerdateien</Filter>
    </ClInclude>
    <ClInclude Include="Image\Image.h">
      <Filter>Headerdateien</Filter>
    </ClInclude>
    <ClInclude Include="Vertex.h">
      <Filter>Headerdateien</Filter>
    </ClInclude>
    <ClInclude Include="Image\DepthImage.h">
      <Filter>Headerdateien</Filter>
    </ClInclude>
    <ClInclude Include="Mesh.h">
      <Filter>Headerdateien</Filter>
    </ClInclude>
    <ClInclude Include="Pipeline.h">
      <Filter>Headerdateien</Filter>
    </ClInclude>
    <ClInclude Include="MeshHelper.h">
      <Filter>Headerdateien</Filter>
    </ClInclude>
  </ItemGroup>
</Project>